
Microsoft Visual Studio Solution File, Format Version 12.00
# Visual Studio 15
VisualStudioVersion = 15.0.27130.2024
MinimumVisualStudioVersion = 10.0.40219.1
Project("{FAE04EC0-301F-11D3-BF4B-00C04F79EFBC}") = "3902", "3902.csproj", "{5BDB5A8C-1AA4-438D-9AFF-02DE82B9597C}"
EndProject
Global
	GlobalSection(SolutionConfigurationPlatforms) = preSolution
		Debug|x86 = Debug|x86
		Release|x86 = Release|x86
	EndGlobalSection
	GlobalSection(ProjectConfigurationPlatforms) = postSolution
		{5BDB5A8C-1AA4-438D-9AFF-02DE82B9597C}.Debug|x86.ActiveCfg = Debug|x86
		{5BDB5A8C-1AA4-438D-9AFF-02DE82B9597C}.Debug|x86.Build.0 = Debug|x86
		{5BDB5A8C-1AA4-438D-9AFF-02DE82B9597C}.Release|x86.ActiveCfg = Release|x86
		{5BDB5A8C-1AA4-438D-9AFF-02DE82B9597C}.Release|x86.Build.0 = Release|x86
	EndGlobalSection
	GlobalSection(SolutionProperties) = preSolution
		HideSolutionNode = FALSE
	EndGlobalSection
	GlobalSection(ExtensibilityGlobals) = postSolution
		SolutionGuid = {4187759B-3061-4257-A31A-B3AAE7D1C848}
	EndGlobalSection
EndGlobal
